
Microsoft Visual Studio Solution File, Format Version 12.00
# Visual Studio Version 17
VisualStudioVersion = 17.10.34916.146
MinimumVisualStudioVersion = 10.0.40219.1
Project("{9A19103F-16F7-4668-BE54-9A1E7A4F7556}") = "Self-stabilizing system", "Self-stabilizing system.csproj", "{68B6947A-4638-4903-B42C-410A687C05E7}"
EndProject
Global
	GlobalSection(SolutionConfigurationPlatforms) = preSolution
		Debug|Any CPU = Debug|Any CPU
		Release|Any CPU = Release|Any CPU
	EndGlobalSection
	GlobalSection(ProjectConfigurationPlatforms) = postSolution
		{68B6947A-4638-4903-B42C-410A687C05E7}.Debug|Any CPU.ActiveCfg = Debug|Any CPU
		{68B6947A-4638-4903-B42C-410A687C05E7}.Debug|Any CPU.Build.0 = Debug|Any CPU
		{68B6947A-4638-4903-B42C-410A687C05E7}.Release|Any CPU.ActiveCfg = Release|Any CPU
		{68B6947A-4638-4903-B42C-410A687C05E7}.Release|Any CPU.Build.0 = Release|Any CPU
	EndGlobalSection
	GlobalSection(SolutionProperties) = preSolution
		HideSolutionNode = FALSE
	EndGlobalSection
	GlobalSection(ExtensibilityGlobals) = postSolution
		SolutionGuid = {D3D18D8E-668C-4AAA-A0EF-FEFDFB74CFC3}
	EndGlobalSection
EndGlobal
